
Microsoft Visual Studio Solution File, Format Version 12.00
# Visual Studio 15
VisualStudioVersion = 15.0.27703.2035
MinimumVisualStudioVersion = 10.0.40219.1
Project("{FAE04EC0-301F-11D3-BF4B-00C04F79EFBC}") = "xadrex-console", "xadrex-console\xadrex-console.csproj", "{CFF8C51B-CCDA-4B65-9EA4-F18C401A9CDA}"
EndProject
Global
	GlobalSection(SolutionConfigurationPlatforms) = preSolution
		Debug|Any CPU = Debug|Any CPU
		Release|Any CPU = Release|Any CPU
	EndGlobalSection
	GlobalSection(ProjectConfigurationPlatforms) = postSolution
		{CFF8C51B-CCDA-4B65-9EA4-F18C401A9CDA}.Debug|Any CPU.ActiveCfg = Debug|Any CPU
		{CFF8C51B-CCDA-4B65-9EA4-F18C401A9CDA}.Debug|Any CPU.Build.0 = Debug|Any CPU
		{CFF8C51B-CCDA-4B65-9EA4-F18C401A9CDA}.Release|Any CPU.ActiveCfg = Release|Any CPU
		{CFF8C51B-CCDA-4B65-9EA4-F18C401A9CDA}.Release|Any CPU.Build.0 = Release|Any CPU
	EndGlobalSection
	GlobalSection(SolutionProperties) = preSolution
		HideSolutionNode = FALSE
	EndGlobalSection
	GlobalSection(ExtensibilityGlobals) = postSolution
		SolutionGuid = {F03925E3-FF09-4622-9B0D-A35AF958A774}
	EndGlobalSection
EndGlobal
